
Microsoft Visual Studio Solution File, Format Version 12.00
# Visual Studio Version 16
VisualStudioVersion = 16.0.30717.126
MinimumVisualStudioVersion = 10.0.40219.1
Project("{FAE04EC0-301F-11D3-BF4B-00C04F79EFBC}") = "StegaSpy", "StegaSpy\StegaSpy.csproj", "{5CD7BB1F-46A9-4D34-8613-AF1250561F5B}"
EndProject
Project("{2150E333-8FDC-42A3-9474-1A3956D46DE8}") = "Solution Items", "Solution Items", "{31CA6A3A-0B56-460A-940D-4DC04D870FFE}"
	ProjectSection(SolutionItems) = preProject
		.editorconfig = .editorconfig
	EndProjectSection
EndProject
Global
	GlobalSection(SolutionConfigurationPlatforms) = preSolution
		Debug|Any CPU = Debug|Any CPU
		Release|Any CPU = Release|Any CPU
	EndGlobalSection
	GlobalSection(ProjectConfigurationPlatforms) = postSolution
		{5CD7BB1F-46A9-4D34-8613-AF1250561F5B}.Debug|Any CPU.ActiveCfg = Debug|Any CPU
		{5CD7BB1F-46A9-4D34-8613-AF1250561F5B}.Debug|Any CPU.Build.0 = Debug|Any CPU
		{5CD7BB1F-46A9-4D34-8613-AF1250561F5B}.Release|Any CPU.ActiveCfg = Release|Any CPU
		{5CD7BB1F-46A9-4D34-8613-AF1250561F5B}.Release|Any CPU.Build.0 = Release|Any CPU
	EndGlobalSection
	GlobalSection(SolutionProperties) = preSolution
		HideSolutionNode = FALSE
	EndGlobalSection
	GlobalSection(ExtensibilityGlobals) = postSolution
		SolutionGuid = {2E122A9C-2A64-4259-8419-60F79A2A40C0}
	EndGlobalSection
EndGlobal
